{
    "_meta": {
        "hash": {
            "sha256": "5d657acbe1c1d9f4f7931953505ad3594906d01aca12dea9ab6d741bf88f218c"
        },
        "pipfile-spec": 6,
        "requires": {
            "python_version": "3.13"
        },
        "sources": [
            {
                "name": "pypi",
                "url": "https://pypi.org/simple",
                "verify_ssl": true
            }
        ]
    },
    "default": {
        "pyobjc-core": {
            "hashes": [
                "sha256:18986f83998fbd5d3f56d8a8428b2f3e0754fd15cef3ef786ca0d29619024f2c",
                "sha256:4a99e6558b48b8e47c092051e7b3be05df1c8d0617b62f6fa6a316c01902d157",
                "sha256:4c7536f3e94de0a3eae6bb382d75f1219280aa867cdf37beef39d9e7d580173c",
                "sha256:765b97dea6b87ec4612b3212258024d8496ea23517c95a1c5f0735f96b7fd529",
                "sha256:8849e78cfe6595c4911fbba29683decfb0bf57a350aed8a43316976ba6f659d2",
                "sha256:8cb9ed17a8d84a312a6e8b665dd22393d48336ea1d8277e7ad20c19a38edf731",
                "sha256:b63d4d90c5df7e762f34739b39cc55bc63dbcf9fb2fb3f2671e528488c7a87fe",
                "sha256:ec36680b5c14e2f73d432b03ba7c1457dc6ca70fa59fd7daea1073f2b4157d33",
                "sha256:f2455683e807f8541f0d83fbba0f5d9a46128ab0d5cc83ea208f0bec759b7f96"
            ],
            "index": "pypi",
            "markers": "python_version >= '3.8'",
            "version": "==11.1"
        },
        "pyobjc-framework-cocoa": {
            "hashes": [
                "sha256:1b5de4e1757bb65689d6dc1f8d8717de9ec8587eb0c4831c134f13aba29f9b71",
                "sha256:54e93e1d9b0fc41c032582a6f0834befe1d418d73893968f3f450281b11603da",
                "sha256:7b9a9b8ba07f5bf84866399e3de2aa311ed1c34d5d2788a995bdbe82cc36cfa0",
                "sha256:806de56f06dfba8f301a244cce289d54877c36b4b19818e3b53150eb7c2424d0",
                "sha256:87df76b9b73e7ca699a828ff112564b59251bb9bbe72e610e670a4dc9940d038",
                "sha256:aede53a1afc5433e1e7d66568cc52acceeb171b0a6005407a42e8e82580b4fc0",
                "sha256:b27a5bdb3ab6cdeb998443ff3fce194ffae5f518c6a079b832dbafc4426937f9",
                "sha256:bbee71eeb93b1b31ffbac8560b59a0524a8a4b90846a260d2c4f2188f3d4c721",
                "sha256:fd5245ee1997d93e78b72703be1289d75d88ff6490af94462b564892e9266350"
            ],
            "index": "pypi",
            "markers": "python_version >= '3.9'",
            "version": "==11.1"
        }
    },
    "develop": {}
}
